
Microsoft Visual Studio Solution File, Format Version 12.00
# Visual Studio Version 16
VisualStudioVersion = 16.0.31019.35
MinimumVisualStudioVersion = 10.0.40219.1
Project("{FAE04EC0-301F-11D3-BF4B-00C04F79EFBC}") = "ProjAspNet", "ProjAspNet\ProjAspNet.csproj", "{1503E18B-2C3F-42E7-8212-7DD4C17A8222}"
EndProject
Global
	GlobalSection(SolutionConfigurationPlatforms) = preSolution
		Debug|Any CPU = Debug|Any CPU
		Release|Any CPU = Release|Any CPU
	EndGlobalSection
	GlobalSection(ProjectConfigurationPlatforms) = postSolution
		{1503E18B-2C3F-42E7-8212-7DD4C17A8222}.Debug|Any CPU.ActiveCfg = Debug|Any CPU
		{1503E18B-2C3F-42E7-8212-7DD4C17A8222}.Debug|Any CPU.Build.0 = Debug|Any CPU
		{1503E18B-2C3F-42E7-8212-7DD4C17A8222}.Release|Any CPU.ActiveCfg = Release|Any CPU
		{1503E18B-2C3F-42E7-8212-7DD4C17A8222}.Release|Any CPU.Build.0 = Release|Any CPU
	EndGlobalSection
	GlobalSection(SolutionProperties) = preSolution
		HideSolutionNode = FALSE
	EndGlobalSection
	GlobalSection(ExtensibilityGlobals) = postSolution
		SolutionGuid = {BDE3FFE4-0CA1-4C7B-818A-223BE52CCCDD}
	EndGlobalSection
EndGlobal
